
Microsoft Visual Studio Solution File, Format Version 12.00
# Visual Studio Version 17
VisualStudioVersion = 17.9.34607.119
MinimumVisualStudioVersion = 10.0.40219.1
Project("{FAE04EC0-301F-11D3-BF4B-00C04F79EFBC}") = "SSS_Prac_Launcher", "SSS_Prac_Launcher.csproj", "{A4DF41AD-7D0F-4D01-8AB9-82E8E33CCE20}"
EndProject
Global
	GlobalSection(SolutionConfigurationPlatforms) = preSolution
		Debug|Any CPU = Debug|Any CPU
		Release|Any CPU = Release|Any CPU
	EndGlobalSection
	GlobalSection(ProjectConfigurationPlatforms) = postSolution
		{A4DF41AD-7D0F-4D01-8AB9-82E8E33CCE20}.Debug|Any CPU.ActiveCfg = Debug|Any CPU
		{A4DF41AD-7D0F-4D01-8AB9-82E8E33CCE20}.Debug|Any CPU.Build.0 = Debug|Any CPU
		{A4DF41AD-7D0F-4D01-8AB9-82E8E33CCE20}.Release|Any CPU.ActiveCfg = Release|Any CPU
		{A4DF41AD-7D0F-4D01-8AB9-82E8E33CCE20}.Release|Any CPU.Build.0 = Release|Any CPU
	EndGlobalSection
	GlobalSection(SolutionProperties) = preSolution
		HideSolutionNode = FALSE
	EndGlobalSection
	GlobalSection(ExtensibilityGlobals) = postSolution
		SolutionGuid = {7DD4EA67-7BC5-46EA-9E90-85BC194E194B}
	EndGlobalSection
EndGlobal
